content: What i've felt
  What i've know
  Never shined through in what I've shown
  Never be
  Never see
  Won't see what might have been
---
content: |
  What i've felt
  What i've know
  Never shined through in what I've shown
  Never be
  Never see
  Won't see what might have been
---
content: >
  What i've felt
  What i've know
  Never shined through in what I've shown
  Never be
  Never see
  Won't see what might have been
